
Microsoft Visual Studio Solution File, Format Version 12.00
# Visual Studio 2013
VisualStudioVersion = 12.0.31101.0
MinimumVisualStudioVersion = 10.0.40219.1
Project("{FAE04EC0-301F-11D3-BF4B-00C04F79EFBC}") = "MovieReview.Web", "MovieReview.Web\MovieReview.Web.csproj", "{0D09CEE6-3751-45F4-AFD8-DB016A0DA905}"
EndProject
Project("{FAE04EC0-301F-11D3-BF4B-00C04F79EFBC}") = "MovieReview.Data", "MovieReview.Data\MovieReview.Data.csproj", "{03E5F32B-5CA7-4FAB-A33D-8E812FA51ADF}"
EndProject
Project("{FAE04EC0-301F-11D3-BF4B-00C04F79EFBC}") = "MoviewReview.Model", "MoviewReview.Model\MoviewReview.Model.csproj", "{3EE24316-2207-4EA6-A60E-3278ED317955}"
EndProject
Project("{FAE04EC0-301F-11D3-BF4B-00C04F79EFBC}") = "MovieReview.Data.Contracts", "MovieReview.Data.Contracts\MovieReview.Data.Contracts.csproj", "{8D7EE385-53BD-49E3-A7F9-F19D2D61F9A1}"
EndProject
Project("{FAE04EC0-301F-11D3-BF4B-00C04F79EFBC}") = "MoviewReview.Tests", "MoviewReview.Tests\MoviewReview.Tests.csproj", "{27B7F4DA-6B75-4AE8-8944-40253145A47C}"
EndProject
Global
	GlobalSection(SolutionConfigurationPlatforms) = preSolution
		Debug|Any CPU = Debug|Any CPU
		Release|Any CPU = Release|Any CPU
	EndGlobalSection
	GlobalSection(ProjectConfigurationPlatforms) = postSolution
		{0D09CEE6-3751-45F4-AFD8-DB016A0DA905}.Debug|Any CPU.ActiveCfg = Debug|Any CPU
		{0D09CEE6-3751-45F4-AFD8-DB016A0DA905}.Debug|Any CPU.Build.0 = Debug|Any CPU
		{0D09CEE6-3751-45F4-AFD8-DB016A0DA905}.Release|Any CPU.ActiveCfg = Release|Any CPU
		{0D09CEE6-3751-45F4-AFD8-DB016A0DA905}.Release|Any CPU.Build.0 = Release|Any CPU
		{03E5F32B-5CA7-4FAB-A33D-8E812FA51ADF}.Debug|Any CPU.ActiveCfg = Debug|Any CPU
		{03E5F32B-5CA7-4FAB-A33D-8E812FA51ADF}.Debug|Any CPU.Build.0 = Debug|Any CPU
		{03E5F32B-5CA7-4FAB-A33D-8E812FA51ADF}.Release|Any CPU.ActiveCfg = Release|Any CPU
		{03E5F32B-5CA7-4FAB-A33D-8E812FA51ADF}.Release|Any CPU.Build.0 = Release|Any CPU
		{3EE24316-2207-4EA6-A60E-3278ED317955}.Debug|Any CPU.ActiveCfg = Debug|Any CPU
		{3EE24316-2207-4EA6-A60E-3278ED317955}.Debug|Any CPU.Build.0 = Debug|Any CPU
		{3EE24316-2207-4EA6-A60E-3278ED317955}.Release|Any CPU.ActiveCfg = Release|Any CPU
		{3EE24316-2207-4EA6-A60E-3278ED317955}.Release|Any CPU.Build.0 = Release|Any CPU
		{8D7EE385-53BD-49E3-A7F9-F19D2D61F9A1}.Debug|Any CPU.ActiveCfg = Debug|Any CPU
		{8D7EE385-53BD-49E3-A7F9-F19D2D61F9A1}.Debug|Any CPU.Build.0 = Debug|Any CPU
		{8D7EE385-53BD-49E3-A7F9-F19D2D61F9A1}.Release|Any CPU.ActiveCfg = Release|Any CPU
		{8D7EE385-53BD-49E3-A7F9-F19D2D61F9A1}.Release|Any CPU.Build.0 = Release|Any CPU
		{27B7F4DA-6B75-4AE8-8944-40253145A47C}.Debug|Any CPU.ActiveCfg = Debug|Any CPU
		{27B7F4DA-6B75-4AE8-8944-40253145A47C}.Debug|Any CPU.Build.0 = Debug|Any CPU
		{27B7F4DA-6B75-4AE8-8944-40253145A47C}.Release|Any CPU.ActiveCfg = Release|Any CPU
		{27B7F4DA-6B75-4AE8-8944-40253145A47C}.Release|Any CPU.Build.0 = Release|Any CPU
	EndGlobalSection
	GlobalSection(SolutionProperties) = preSolution
		HideSolutionNode = FALSE
	EndGlobalSection
EndGlobal
